
Microsoft Visual Studio Solution File, Format Version 12.00
# Visual Studio Version 16
VisualStudioVersion = 16.0.31605.320
MinimumVisualStudioVersion = 10.0.40219.1
Project("{FAE04EC0-301F-11D3-BF4B-00C04F79EFBC}") = "SeleniumCsharp.NetCore", "SeleniumCsharp.NetCore.csproj", "{5622BE60-54D7-41C2-9F12-5F0CCF57A35F}"
EndProject
Global
	GlobalSection(SolutionConfigurationPlatforms) = preSolution
		Debug|Any CPU = Debug|Any CPU
		Release|Any CPU = Release|Any CPU
	EndGlobalSection
	GlobalSection(ProjectConfigurationPlatforms) = postSolution
		{5622BE60-54D7-41C2-9F12-5F0CCF57A35F}.Debug|Any CPU.ActiveCfg = Debug|Any CPU
		{5622BE60-54D7-41C2-9F12-5F0CCF57A35F}.Debug|Any CPU.Build.0 = Debug|Any CPU
		{5622BE60-54D7-41C2-9F12-5F0CCF57A35F}.Release|Any CPU.ActiveCfg = Release|Any CPU
		{5622BE60-54D7-41C2-9F12-5F0CCF57A35F}.Release|Any CPU.Build.0 = Release|Any CPU
	EndGlobalSection
	GlobalSection(SolutionProperties) = preSolution
		HideSolutionNode = FALSE
	EndGlobalSection
	GlobalSection(ExtensibilityGlobals) = postSolution
		SolutionGuid = {EE107919-B621-4A92-80DD-94B9487B2473}
	EndGlobalSection
EndGlobal
